PODS:
  - RangersAPM/Above (3.10.4)
  - RangersAPM/APMLog (3.10.4):
    - RangersAPM/CloudCommand
    - RangersAPM/Core
    - RangersAPM/HMD
    - RangersAPM/Zip
  - RangersAPM/BootingProtect (3.10.4):
    - RangersAPM/BootingProtectLite
    - RangersAPM/OOM
  - RangersAPM/BootingProtectLite (3.10.4):
    - RangersAPM/Crash
    - RangersAPM/WatchDog
  - RangersAPM/CloudCommand (3.10.4):
    - RangersAPM/Core
    - RangersAPM/HMD
  - RangersAPM/CN (3.10.4):
    - RangersAPM/Core
    - RangersAPM/Public
  - RangersAPM/Core (3.10.4)
  - RangersAPM/Coredump (3.10.4):
    - RangersAPM/Core
    - RangersAPM/Crash
    - RangersAPM/HMD
    - RangersAPM/Zip
  - RangersAPM/CPUException (3.10.4):
    - RangersAPM/Core
    - RangersAPM/HMD
    - RangersAPM/SessionTracker
  - RangersAPM/Crash (3.10.4):
    - RangersAPM/Core
    - RangersAPM/HMD
    - RangersAPM/Public
    - RangersAPM/SessionTracker
    - RangersAPM/Zip
  - RangersAPM/CrashProtector (3.10.4):
    - RangersAPM/Core
    - RangersAPM/Crash
    - RangersAPM/SessionTracker
  - RangersAPM/Disk (3.10.4):
    - RangersAPM/Monitors
    - RangersAPM/SessionTracker
  - RangersAPM/EventMonitor (3.10.4):
    - RangersAPM/Core
    - RangersAPM/HMD
    - RangersAPM/Public
  - RangersAPM/GWPASan (3.10.4):
    - RangersAPM/Core
    - RangersAPM/Crash
    - RangersAPM/HMD
  - RangersAPM/HMD (3.10.4):
    - RangersAPM/Core
    - RangersAPM/Public
  - RangersAPM/HybridPro (3.10.4):
    - RangersAPM/Core
    - RangersAPM/HMD
    - RangersAPM/Public
  - RangersAPM/LAG (3.10.4):
    - RangersAPM/Core
    - RangersAPM/HMD
    - RangersAPM/Public
    - RangersAPM/SessionTracker
  - RangersAPM/MemoryGraph (3.10.4):
    - RangersAPM/Core
    - RangersAPM/HMD
    - RangersAPM/Public
    - RangersAPM/Zip
  - RangersAPM/MetricKit (3.10.4):
    - RangersAPM/Core
    - RangersAPM/HMD
    - RangersAPM/SessionTracker
  - RangersAPM/Monitors (3.10.4):
    - RangersAPM/Core
    - RangersAPM/HMD
    - RangersAPM/UITrackers
  - RangersAPM/NetworkBasic (3.10.4):
    - RangersAPM/Core
    - RangersAPM/HMD
    - RangersAPM/Public
  - RangersAPM/NetworkPro (3.10.4):
    - RangersAPM/NetworkBasic
  - RangersAPM/OOM (3.10.4):
    - RangersAPM/Core
    - RangersAPM/Crash
    - RangersAPM/HMD
    - RangersAPM/Public
    - RangersAPM/SessionTracker
    - RangersAPM/WatchDog
  - RangersAPM/Public (3.10.4):
    - RangersAPM/Above
    - RangersAPM/Core
    - RangersAPM/Zyone
  - RangersAPM/SessionTracker (3.10.4):
    - RangersAPM/Core
    - RangersAPM/HMD
    - RangersAPM/Public
  - RangersAPM/UITrackers (3.10.4):
    - RangersAPM/Core
    - RangersAPM/HMD
    - RangersAPM/Public
  - RangersAPM/UserException (3.10.4):
    - RangersAPM/Core
    - RangersAPM/HMD
    - RangersAPM/Public
    - RangersAPM/SessionTracker
  - RangersAPM/WatchDog (3.10.4):
    - RangersAPM/Core
    - RangersAPM/HMD
    - RangersAPM/Public
    - RangersAPM/SessionTracker
  - RangersAPM/Zip (3.10.4)
  - RangersAPM/Zombie (3.10.4):
    - RangersAPM/Core
    - RangersAPM/Crash
  - RangersAPM/Zyone (3.10.4)
  - RangersAPMForExtension (1.0.5):
    - RangersAPMForExtension/Crash (= 1.0.5)
  - RangersAPMForExtension/Core (1.0.5)
  - RangersAPMForExtension/Crash (1.0.5):
    - RangersAPMForExtension/Core
    - RangersAPMForExtension/Public
  - RangersAPMForExtension/Public (1.0.5)

DEPENDENCIES:
  - RangersAPM/APMLog (= 3.10.4)
  - RangersAPM/BootingProtect (= 3.10.4)
  - RangersAPM/CloudCommand (= 3.10.4)
  - RangersAPM/CN (= 3.10.4)
  - RangersAPM/Coredump (= 3.10.4)
  - RangersAPM/CPUException (= 3.10.4)
  - RangersAPM/Crash (= 3.10.4)
  - RangersAPM/CrashProtector (= 3.10.4)
  - RangersAPM/Disk (= 3.10.4)
  - RangersAPM/EventMonitor (= 3.10.4)
  - RangersAPM/GWPASan (= 3.10.4)
  - RangersAPM/HybridPro (= 3.10.4)
  - RangersAPM/LAG (= 3.10.4)
  - RangersAPM/MemoryGraph (= 3.10.4)
  - RangersAPM/MetricKit (= 3.10.4)
  - RangersAPM/Monitors (= 3.10.4)
  - RangersAPM/NetworkPro (= 3.10.4)
  - RangersAPM/OOM (= 3.10.4)
  - RangersAPM/SessionTracker (= 3.10.4)
  - RangersAPM/UITrackers (= 3.10.4)
  - RangersAPM/UserException (= 3.10.4)
  - RangersAPM/WatchDog (= 3.10.4)
  - RangersAPM/Zombie (= 3.10.4)
  - RangersAPMForExtension (= 1.0.5)

SPEC REPOS:
  https://github.com/volcengine/volcengine-specs.git:
    - RangersAPM
    - RangersAPMForExtension

SPEC CHECKSUMS:
  RangersAPM: 3a87d9f5c2867da85955bd752ebc06b9ff1b07be
  RangersAPMForExtension: 3c0f2dcf30ac0c52280561a5f7f9e90327c0a9a2

PODFILE CHECKSUM: 321c268c41b73987050f8eb05e3a7871d505e3f2

COCOAPODS: 1.9.3
