PODS:
  - RangersAPM/Core (1.5.2):
    - RangersAppLog/Core (>= 5.0.0)
    - RangersAppLog/Host/CN (>= 5.0.0)
  - RangersAPM/Crash (1.5.2):
    - RangersAPM/Core
    - RangersAPM/HMD
    - RangersAPM/Public
    - RangersAppLog/Core (>= 5.0.0)
    - RangersAppLog/Host/CN (>= 5.0.0)
  - RangersAPM/HMD (1.5.2):
    - RangersAPM/Core
    - RangersAppLog/Core (>= 5.0.0)
    - RangersAppLog/Host/CN (>= 5.0.0)
  - RangersAPM/Hybrid (1.5.2):
    - RangersAPM/Core
    - RangersAPM/HMD
    - RangersAPM/Public
    - RangersAppLog/Core (>= 5.0.0)
    - RangersAppLog/Host/CN (>= 5.0.0)
  - RangersAPM/LAG (1.5.2):
    - RangersAPM/Core
    - RangersAPM/HMD
    - RangersAPM/Public
    - RangersAppLog/Core (>= 5.0.0)
    - RangersAppLog/Host/CN (>= 5.0.0)
  - RangersAPM/MemoryGraph (1.5.2):
    - RangersAPM/Core
    - RangersAPM/HMD
    - RangersAPM/Public
    - RangersAPM/Zip
    - RangersAppLog/Core (>= 5.0.0)
    - RangersAppLog/Host/CN (>= 5.0.0)
  - RangersAPM/Monitors (1.5.2):
    - RangersAPM/UITrackers
    - RangersAppLog/Core (>= 5.0.0)
    - RangersAppLog/Host/CN (>= 5.0.0)
  - RangersAPM/Network (1.5.2):
    - RangersAPM/Core
    - RangersAPM/HMD
    - RangersAPM/Public
    - RangersAppLog/Core (>= 5.0.0)
    - RangersAppLog/Host/CN (>= 5.0.0)
  - RangersAPM/OOM (1.5.2):
    - RangersAPM/Core
    - RangersAPM/Crash
    - RangersAPM/HMD
    - RangersAPM/Public
    - RangersAPM/WatchDog
    - RangersAppLog/Core (>= 5.0.0)
    - RangersAppLog/Host/CN (>= 5.0.0)
  - RangersAPM/Public (1.5.2):
    - RangersAPM/Core
    - RangersAppLog/Core (>= 5.0.0)
    - RangersAppLog/Host/CN (>= 5.0.0)
  - RangersAPM/UITrackers (1.5.2):
    - RangersAPM/Core
    - RangersAPM/HMD
    - RangersAPM/Public
    - RangersAppLog/Core (>= 5.0.0)
    - RangersAppLog/Host/CN (>= 5.0.0)
  - RangersAPM/UserException (1.5.2):
    - RangersAPM/Core
    - RangersAPM/HMD
    - RangersAPM/Public
    - RangersAppLog/Core (>= 5.0.0)
    - RangersAppLog/Host/CN (>= 5.0.0)
  - RangersAPM/WatchDog (1.5.2):
    - RangersAPM/Core
    - RangersAPM/HMD
    - RangersAPM/Public
    - RangersAppLog/Core (>= 5.0.0)
    - RangersAppLog/Host/CN (>= 5.0.0)
  - RangersAPM/Zip (1.5.2):
    - RangersAppLog/Core (>= 5.0.0)
    - RangersAppLog/Host/CN (>= 5.0.0)
  - RangersAppLog/Core (5.6.1)
  - RangersAppLog/Host/CN (5.6.1):
    - RangersAppLog/Core

DEPENDENCIES:
  - RangersAPM/Crash (= 1.5.2)
  - RangersAPM/Hybrid (= 1.5.2)
  - RangersAPM/LAG (= 1.5.2)
  - RangersAPM/MemoryGraph (= 1.5.2)
  - RangersAPM/Monitors (= 1.5.2)
  - RangersAPM/Network (= 1.5.2)
  - RangersAPM/OOM (= 1.5.2)
  - RangersAPM/UITrackers (= 1.5.2)
  - RangersAPM/UserException (= 1.5.2)
  - RangersAPM/WatchDog (= 1.5.2)
  - RangersAppLog/Core
  - RangersAppLog/Host/CN

SPEC REPOS:
  https://github.com/bytedance/cocoapods_sdk_source_repo.git:
    - RangersAppLog
  https://github.com/volcengine/volcengine-specs.git:
    - RangersAPM

SPEC CHECKSUMS:
  RangersAPM: a2c0c415d3ada380805a983182ec642ddb3933d4
  RangersAppLog: a14009b621a66bd312d677247b3c6e612e8e8aba

PODFILE CHECKSUM: bbb7e153da59c85f95492f167e656122cc02ecfa

COCOAPODS: 1.9.3
