PODS:
  - RangersAPM/Above (3.6.3)
  - RangersAPM/APMLog (3.6.3):
    - RangersAPM/CloudCommand
    - RangersAPM/Core
    - RangersAPM/HMD
    - RangersAPM/Zip
  - RangersAPM/BootingProtect (3.6.3):
    - RangersAPM/BootingProtectLite
    - RangersAPM/OOM
  - RangersAPM/BootingProtectLite (3.6.3):
    - RangersAPM/Crash
    - RangersAPM/WatchDog
  - RangersAPM/CloudCommand (3.6.3):
    - RangersAPM/Core
    - RangersAPM/HMD
  - RangersAPM/CN (3.6.3):
    - RangersAPM/Core
    - RangersAPM/Public
  - RangersAPM/Core (3.6.3)
  - RangersAPM/Coredump (3.6.3):
    - RangersAPM/Core
    - RangersAPM/Crash
    - RangersAPM/HMD
    - RangersAPM/Zip
  - RangersAPM/CPUException (3.6.3):
    - RangersAPM/Core
    - RangersAPM/HMD
    - RangersAPM/SessionTracker
  - RangersAPM/Crash (3.6.3):
    - RangersAPM/Core
    - RangersAPM/HMD
    - RangersAPM/Public
    - RangersAPM/SessionTracker
    - RangersAPM/Zip
  - RangersAPM/CrashProtector (3.6.3):
    - RangersAPM/Core
    - RangersAPM/Crash
    - RangersAPM/SessionTracker
  - RangersAPM/Disk (3.6.3):
    - RangersAPM/Monitors
    - RangersAPM/SessionTracker
  - RangersAPM/EventMonitor (3.6.3):
    - RangersAPM/Core
    - RangersAPM/HMD
    - RangersAPM/Public
  - RangersAPM/GWPASan (3.6.3):
    - RangersAPM/Core
    - RangersAPM/Crash
    - RangersAPM/HMD
  - RangersAPM/HMD (3.6.3):
    - RangersAPM/Core
    - RangersAPM/Public
  - RangersAPM/Hybrid (3.6.3):
    - RangersAPM/Core
    - RangersAPM/HMD
    - RangersAPM/Public
  - RangersAPM/LAG (3.6.3):
    - RangersAPM/Core
    - RangersAPM/HMD
    - RangersAPM/Public
    - RangersAPM/SessionTracker
  - RangersAPM/MemoryGraph (3.6.3):
    - RangersAPM/Core
    - RangersAPM/HMD
    - RangersAPM/Public
    - RangersAPM/Zip
  - RangersAPM/MetricKit (3.6.3):
    - RangersAPM/Core
    - RangersAPM/HMD
    - RangersAPM/SessionTracker
  - RangersAPM/Monitors (3.6.3):
    - RangersAPM/Core
    - RangersAPM/HMD
    - RangersAPM/UITrackers
  - RangersAPM/NetworkBasic (3.6.3):
    - RangersAPM/Core
    - RangersAPM/HMD
    - RangersAPM/Public
  - RangersAPM/OOM (3.6.3):
    - RangersAPM/Core
    - RangersAPM/Crash
    - RangersAPM/HMD
    - RangersAPM/Public
    - RangersAPM/SessionTracker
    - RangersAPM/WatchDog
  - RangersAPM/Public (3.6.3):
    - RangersAPM/Above
    - RangersAPM/Core
    - RangersAPM/Zyone
  - RangersAPM/SessionTracker (3.6.3):
    - RangersAPM/Core
    - RangersAPM/HMD
    - RangersAPM/Public
  - RangersAPM/UITrackers (3.6.3):
    - RangersAPM/Core
    - RangersAPM/HMD
    - RangersAPM/Public
  - RangersAPM/UserException (3.6.3):
    - RangersAPM/Core
    - RangersAPM/HMD
    - RangersAPM/Public
    - RangersAPM/SessionTracker
  - RangersAPM/WatchDog (3.6.3):
    - RangersAPM/Core
    - RangersAPM/HMD
    - RangersAPM/Public
    - RangersAPM/SessionTracker
  - RangersAPM/Zip (3.6.3)
  - RangersAPM/Zombie (3.6.3):
    - RangersAPM/Core
    - RangersAPM/Crash
  - RangersAPM/Zyone (3.6.3)
  - RangersAPMForExtension (1.0.3):
    - RangersAPMForExtension/Crash (= 1.0.3)
  - RangersAPMForExtension/Core (1.0.3)
  - RangersAPMForExtension/Crash (1.0.3):
    - RangersAPMForExtension/Core
    - RangersAPMForExtension/Public
  - RangersAPMForExtension/Public (1.0.3)

DEPENDENCIES:
  - RangersAPM/APMLog (= 3.6.3)
  - RangersAPM/BootingProtect (= 3.6.3)
  - RangersAPM/CloudCommand (= 3.6.3)
  - RangersAPM/CN (= 3.6.3)
  - RangersAPM/Coredump (= 3.6.3)
  - RangersAPM/CPUException (= 3.6.3)
  - RangersAPM/Crash (= 3.6.3)
  - RangersAPM/CrashProtector (= 3.6.3)
  - RangersAPM/Disk (= 3.6.3)
  - RangersAPM/EventMonitor (= 3.6.3)
  - RangersAPM/GWPASan (= 3.6.3)
  - RangersAPM/Hybrid (= 3.6.3)
  - RangersAPM/LAG (= 3.6.3)
  - RangersAPM/MemoryGraph (= 3.6.3)
  - RangersAPM/MetricKit (= 3.6.3)
  - RangersAPM/Monitors (= 3.6.3)
  - RangersAPM/NetworkBasic (= 3.6.3)
  - RangersAPM/OOM (= 3.6.3)
  - RangersAPM/SessionTracker (= 3.6.3)
  - RangersAPM/UITrackers (= 3.6.3)
  - RangersAPM/UserException (= 3.6.3)
  - RangersAPM/WatchDog (= 3.6.3)
  - RangersAPM/Zombie (= 3.6.3)
  - RangersAPMForExtension (= 1.0.3)

SPEC REPOS:
  https://github.com/volcengine/volcengine-specs.git:
    - RangersAPM
    - RangersAPMForExtension

SPEC CHECKSUMS:
  RangersAPM: 1dea886d14492101814cdf7a8fc355322e37f7ee
  RangersAPMForExtension: 1019bc535f69913ace78eb39f796949b785d2653

PODFILE CHECKSUM: 5078f2e276f9e54eaeb04aa863ea3daa5aadcaeb

COCOAPODS: 1.9.3
